{
    "easycorp/easy-log-handler": {
        "version": "1.0",
        "recipe": {
            "repo": "github.com/symfony/recipes",
            "branch": "master",
            "version": "1.0",
            "ref": "70062abc2cd58794d2a90274502f81b55cd9951b"
        },
        "files": [
            "config/packages/dev/easy_log_handler.yaml"
        ]
    },
    "egulias/email-validator": {
        "version": "2.1.15"
    },
    "php": {
        "version": "7.3"
    },
    "symfony/debug-pack": {
        "version": "v1.0.7"
    },
    "symfony/mailer": {
        "version": "4.3",
        "recipe": {
            "repo": "github.com/symfony/recipes",
            "branch": "master",
            "version": "4.3",
            "ref": "15658c2a0176cda2e7dba66276a2030b52bd81b2"
        },
        "files": [
            "config/packages/mailer.yaml"
        ]
    },
    "symfony/notifier": {
        "version": "5.0",
        "recipe": {
            "repo": "github.com/symfony/recipes",
            "branch": "master",
            "version": "5.0",
            "ref": "c31585e252b32fe0e1f30b1f256af553f4a06eb9"
        },
        "files": [
            "config/packages/notifier.yaml"
        ]
    },
    "symfony/polyfill-intl-grapheme": {
        "version": "v1.13.1"
    },
    "symfony/polyfill-intl-normalizer": {
        "version": "v1.13.1"
    },
    "symfony/profiler-pack": {
        "version": "v1.0.4"
    },
    "symfony/string": {
        "version": "v5.0.2"
    },
    "symfony/test-pack": {
        "version": "v1.0.6"
    },
    "symfony/twig-pack": {
        "version": "v1.0.0"
    },
    "twig/extra-bundle": {
        "version": "v3.0.1"
    }
}
